
Microsoft Visual Studio Solution File, Format Version 12.00
Project("{FAE04EC0-301F-11D3-BF4B-00C04F79EFBC}") = "Gateway", "Gateway\Gateway.csproj", "{6133D2B0-A8E7-473B-AADA-642B60B487AB}"
EndProject
Project("{2150E333-8FDC-42A3-9474-1A3956D46DE8}") = "Abstractions", "Abstractions", "{D5A9465E-0F2B-4D37-BE26-5B17CEA5E9B4}"
EndProject
Project("{2150E333-8FDC-42A3-9474-1A3956D46DE8}") = "Implementations", "Implementations", "{C41D9115-D4B1-44C7-8BC6-989E7C70436B}"
EndProject
Project("{FAE04EC0-301F-11D3-BF4B-00C04F79EFBC}") = "Core.Abstractions", "Abstractions\Core.Abstractions\Core.Abstractions.csproj", "{CD11713C-14F7-42E1-A39C-51F2B5B17192}"
EndProject
Project("{FAE04EC0-301F-11D3-BF4B-00C04F79EFBC}") = "Core", "Implementations\Core\Core.csproj", "{5256B70B-2736-476D-907D-68E4EB374E10}"
EndProject
Project("{FAE04EC0-301F-11D3-BF4B-00C04F79EFBC}") = "Binance", "Implementations\Exchanges\Binance\Binance.csproj", "{E56135B1-5FB3-4F11-8A6F-3AF35F2AE186}"
EndProject
Project("{FAE04EC0-301F-11D3-BF4B-00C04F79EFBC}") = "Bybit", "Implementations\Exchanges\Bybit\Bybit.csproj", "{17B246E4-5C60-402F-9D54-0F6D41F9AD4F}"
EndProject
Project("{FAE04EC0-301F-11D3-BF4B-00C04F79EFBC}") = "Okx", "Implementations\Exchanges\Okx\Okx.csproj", "{0CB7C958-E129-497F-952C-65D220EEA0F6}"
EndProject
Project("{FAE04EC0-301F-11D3-BF4B-00C04F79EFBC}") = "Dal.Abstractions", "Abstractions\Dal.Abstractions\Dal.Abstractions.csproj", "{B94A9A70-F1D0-4F16-8DD8-D8B0D2F11EC9}"
EndProject
Project("{FAE04EC0-301F-11D3-BF4B-00C04F79EFBC}") = "Exchanges.Abstractions", "Abstractions\Exchanges.Abstractions\Exchanges.Abstractions.csproj", "{D0E73AAB-3E8E-41D3-98E5-E7FF586D95F2}"
EndProject
Project("{FAE04EC0-301F-11D3-BF4B-00C04F79EFBC}") = "Dal", "Implementations\Dal\Dal.csproj", "{F3BFC3C0-F0E4-40AE-85BA-53B9C985ED98}"
EndProject
Project("{2150E333-8FDC-42A3-9474-1A3956D46DE8}") = "Exchanges", "Exchanges", "{D3A8BCBF-0EA3-4718-80F7-7B91DCE487A1}"
EndProject
Project("{FAE04EC0-301F-11D3-BF4B-00C04F79EFBC}") = "Tests", "Tests\Tests.csproj", "{36751F79-882D-49CD-8987-8839C06F9764}"
EndProject
Global
	GlobalSection(SolutionConfigurationPlatforms) = preSolution
		Debug|Any CPU = Debug|Any CPU
		Release|Any CPU = Release|Any CPU
	EndGlobalSection
	GlobalSection(ProjectConfigurationPlatforms) = postSolution
		{6133D2B0-A8E7-473B-AADA-642B60B487AB}.Debug|Any CPU.ActiveCfg = Debug|Any CPU
		{6133D2B0-A8E7-473B-AADA-642B60B487AB}.Debug|Any CPU.Build.0 = Debug|Any CPU
		{6133D2B0-A8E7-473B-AADA-642B60B487AB}.Release|Any CPU.ActiveCfg = Release|Any CPU
		{6133D2B0-A8E7-473B-AADA-642B60B487AB}.Release|Any CPU.Build.0 = Release|Any CPU
		{CD11713C-14F7-42E1-A39C-51F2B5B17192}.Debug|Any CPU.ActiveCfg = Debug|Any CPU
		{CD11713C-14F7-42E1-A39C-51F2B5B17192}.Debug|Any CPU.Build.0 = Debug|Any CPU
		{CD11713C-14F7-42E1-A39C-51F2B5B17192}.Release|Any CPU.ActiveCfg = Release|Any CPU
		{CD11713C-14F7-42E1-A39C-51F2B5B17192}.Release|Any CPU.Build.0 = Release|Any CPU
		{5256B70B-2736-476D-907D-68E4EB374E10}.Debug|Any CPU.ActiveCfg = Debug|Any CPU
		{5256B70B-2736-476D-907D-68E4EB374E10}.Debug|Any CPU.Build.0 = Debug|Any CPU
		{5256B70B-2736-476D-907D-68E4EB374E10}.Release|Any CPU.ActiveCfg = Release|Any CPU
		{5256B70B-2736-476D-907D-68E4EB374E10}.Release|Any CPU.Build.0 = Release|Any CPU
		{E56135B1-5FB3-4F11-8A6F-3AF35F2AE186}.Debug|Any CPU.ActiveCfg = Debug|Any CPU
		{E56135B1-5FB3-4F11-8A6F-3AF35F2AE186}.Debug|Any CPU.Build.0 = Debug|Any CPU
		{E56135B1-5FB3-4F11-8A6F-3AF35F2AE186}.Release|Any CPU.ActiveCfg = Release|Any CPU
		{E56135B1-5FB3-4F11-8A6F-3AF35F2AE186}.Release|Any CPU.Build.0 = Release|Any CPU
		{17B246E4-5C60-402F-9D54-0F6D41F9AD4F}.Debug|Any CPU.ActiveCfg = Debug|Any CPU
		{17B246E4-5C60-402F-9D54-0F6D41F9AD4F}.Debug|Any CPU.Build.0 = Debug|Any CPU
		{17B246E4-5C60-402F-9D54-0F6D41F9AD4F}.Release|Any CPU.ActiveCfg = Release|Any CPU
		{17B246E4-5C60-402F-9D54-0F6D41F9AD4F}.Release|Any CPU.Build.0 = Release|Any CPU
		{0CB7C958-E129-497F-952C-65D220EEA0F6}.Debug|Any CPU.ActiveCfg = Debug|Any CPU
		{0CB7C958-E129-497F-952C-65D220EEA0F6}.Debug|Any CPU.Build.0 = Debug|Any CPU
		{0CB7C958-E129-497F-952C-65D220EEA0F6}.Release|Any CPU.ActiveCfg = Release|Any CPU
		{0CB7C958-E129-497F-952C-65D220EEA0F6}.Release|Any CPU.Build.0 = Release|Any CPU
		{B94A9A70-F1D0-4F16-8DD8-D8B0D2F11EC9}.Debug|Any CPU.ActiveCfg = Debug|Any CPU
		{B94A9A70-F1D0-4F16-8DD8-D8B0D2F11EC9}.Debug|Any CPU.Build.0 = Debug|Any CPU
		{B94A9A70-F1D0-4F16-8DD8-D8B0D2F11EC9}.Release|Any CPU.ActiveCfg = Release|Any CPU
		{B94A9A70-F1D0-4F16-8DD8-D8B0D2F11EC9}.Release|Any CPU.Build.0 = Release|Any CPU
		{D0E73AAB-3E8E-41D3-98E5-E7FF586D95F2}.Debug|Any CPU.ActiveCfg = Debug|Any CPU
		{D0E73AAB-3E8E-41D3-98E5-E7FF586D95F2}.Debug|Any CPU.Build.0 = Debug|Any CPU
		{D0E73AAB-3E8E-41D3-98E5-E7FF586D95F2}.Release|Any CPU.ActiveCfg = Release|Any CPU
		{D0E73AAB-3E8E-41D3-98E5-E7FF586D95F2}.Release|Any CPU.Build.0 = Release|Any CPU
		{F3BFC3C0-F0E4-40AE-85BA-53B9C985ED98}.Debug|Any CPU.ActiveCfg = Debug|Any CPU
		{F3BFC3C0-F0E4-40AE-85BA-53B9C985ED98}.Debug|Any CPU.Build.0 = Debug|Any CPU
		{F3BFC3C0-F0E4-40AE-85BA-53B9C985ED98}.Release|Any CPU.ActiveCfg = Release|Any CPU
		{F3BFC3C0-F0E4-40AE-85BA-53B9C985ED98}.Release|Any CPU.Build.0 = Release|Any CPU
		{36751F79-882D-49CD-8987-8839C06F9764}.Debug|Any CPU.ActiveCfg = Debug|Any CPU
		{36751F79-882D-49CD-8987-8839C06F9764}.Debug|Any CPU.Build.0 = Debug|Any CPU
		{36751F79-882D-49CD-8987-8839C06F9764}.Release|Any CPU.ActiveCfg = Release|Any CPU
		{36751F79-882D-49CD-8987-8839C06F9764}.Release|Any CPU.Build.0 = Release|Any CPU
	EndGlobalSection
	GlobalSection(NestedProjects) = preSolution
		{CD11713C-14F7-42E1-A39C-51F2B5B17192} = {D5A9465E-0F2B-4D37-BE26-5B17CEA5E9B4}
		{5256B70B-2736-476D-907D-68E4EB374E10} = {C41D9115-D4B1-44C7-8BC6-989E7C70436B}
		{B94A9A70-F1D0-4F16-8DD8-D8B0D2F11EC9} = {D5A9465E-0F2B-4D37-BE26-5B17CEA5E9B4}
		{D0E73AAB-3E8E-41D3-98E5-E7FF586D95F2} = {D5A9465E-0F2B-4D37-BE26-5B17CEA5E9B4}
		{F3BFC3C0-F0E4-40AE-85BA-53B9C985ED98} = {C41D9115-D4B1-44C7-8BC6-989E7C70436B}
		{D3A8BCBF-0EA3-4718-80F7-7B91DCE487A1} = {C41D9115-D4B1-44C7-8BC6-989E7C70436B}
		{E56135B1-5FB3-4F11-8A6F-3AF35F2AE186} = {D3A8BCBF-0EA3-4718-80F7-7B91DCE487A1}
		{17B246E4-5C60-402F-9D54-0F6D41F9AD4F} = {D3A8BCBF-0EA3-4718-80F7-7B91DCE487A1}
		{0CB7C958-E129-497F-952C-65D220EEA0F6} = {D3A8BCBF-0EA3-4718-80F7-7B91DCE487A1}
	EndGlobalSection
EndGlobal
